// !$*UTF8*$!
{
	archiveVersion = 1;
	classes = {
	};
	objectVersion = 55;
	objects = {

/* Begin PBXBuildFile section */
		1178EA2926F7167300F89DA2 /* Topics.swift in Sources */ = {isa = PBXBuildFile; fileRef = 1178EA2826F7167300F89DA2 /* Topics.swift */; };
		1178EA2B26F7173400F89DA2 /* LetterImage.swift in Sources */ = {isa = PBXBuildFile; fileRef = 1178EA2A26F7173400F89DA2 /* LetterImage.swift */; };
		1178EA2D26F71D4D00F89DA2 /* NewsView.swift in Sources */ = {isa = PBXBuildFile; fileRef = 1178EA2C26F71D4D00F89DA2 /* NewsView.swift */; };
		1178EA2F26F71E0C00F89DA2 /* TopicResultView.swift in Sources */ = {isa = PBXBuildFile; fileRef = 1178EA2E26F71E0C00F89DA2 /* TopicResultView.swift */; };
		11D4018C26F451AF0010B853 /* NewsAppApp.swift in Sources */ = {isa = PBXBuildFile; fileRef = 11D4018B26F451AF0010B853 /* NewsAppApp.swift */; };
		11D4018E26F451AF0010B853 /* ContentView.swift in Sources */ = {isa = PBXBuildFile; fileRef = 11D4018D26F451AF0010B853 /* ContentView.swift */; };
		11D4019026F451B00010B853 /* Assets.xcassets in Resources */ = {isa = PBXBuildFile; fileRef = 11D4018F26F451B00010B853 /* Assets.xcassets */; };
		11D4019326F451B00010B853 /* Preview Assets.xcassets in Resources */ = {isa = PBXBuildFile; fileRef = 11D4019226F451B00010B853 /* Preview Assets.xcassets */; };
		11D4019D26F451B00010B853 /* NewsAppTests.swift in Sources */ = {isa = PBXBuildFile; fileRef = 11D4019C26F451B00010B853 /* NewsAppTests.swift */; };
		11D401A726F451B00010B853 /* NewsAppUITests.swift in Sources */ = {isa = PBXBuildFile; fileRef = 11D401A626F451B00010B853 /* NewsAppUITests.swift */; };
		11D401BA26F4544F0010B853 /* News.swift in Sources */ = {isa = PBXBuildFile; fileRef = 11D401B926F4544F0010B853 /* News.swift */; };
		11D401BC26F454C60010B853 /* Article.swift in Sources */ = {isa = PBXBuildFile; fileRef = 11D401BB26F454C60010B853 /* Article.swift */; };
		11D401BE26F4568C0010B853 /* NewsViewModel.swift in Sources */ = {isa = PBXBuildFile; fileRef = 11D401BD26F4568C0010B853 /* NewsViewModel.swift */; };
		11D401C026F464DF0010B853 /* ArticleCard.swift in Sources */ = {isa = PBXBuildFile; fileRef = 11D401BF26F464DF0010B853 /* ArticleCard.swift */; };
		11D401C226F465C00010B853 /* sampleNews.json in Resources */ = {isa = PBXBuildFile; fileRef = 11D401C126F465C00010B853 /* sampleNews.json */; };
		11D401C526F47F380010B853 /* TabBar.swift in Sources */ = {isa = PBXBuildFile; fileRef = 11D401C426F47F380010B853 /* TabBar.swift */; };
		11D401C726F482550010B853 /* Discover.swift in Sources */ = {isa = PBXBuildFile; fileRef = 11D401C626F482550010B853 /* Discover.swift */; };
		11D401CB26F482CE0010B853 /* Sidebar.swift in Sources */ = {isa = PBXBuildFile; fileRef = 11D401CA26F482CE0010B853 /* Sidebar.swift */; };
		11D401CD26F5AB1D0010B853 /* ArticleView.swift in Sources */ = {isa = PBXBuildFile; fileRef = 11D401CC26F5AB1D0010B853 /* ArticleView.swift */; };
		11D401CF26F5AC360010B853 /* ArticleImageView.swift in Sources */ = {isa = PBXBuildFile; fileRef = 11D401CE26F5AC360010B853 /* ArticleImageView.swift */; };
		11D401D126F5B23A0010B853 /* Lora.ttf in Resources */ = {isa = PBXBuildFile; fileRef = 11D401D026F5B23A0010B853 /* Lora.ttf */; };
		11D401D326F5BEBC0010B853 /* Bookmarks.swift in Sources */ = {isa = PBXBuildFile; fileRef = 11D401D226F5BEBC0010B853 /* Bookmarks.swift */; };
		11D401D526F620E40010B853 /* CountryPickerView.swift in Sources */ = {isa = PBXBuildFile; fileRef = 11D401D426F620E40010B853 /* CountryPickerView.swift */; };
		11D401D726F626090010B853 /* countries.json in Resources */ = {isa = PBXBuildFile; fileRef = 11D401D626F626090010B853 /* countries.json */; };
/* End PBXBuildFile section */

/* Begin PBXContainerItemProxy section */
		11D4019926F451B00010B853 /* PBXContainerItemProxy */ = {
			isa = PBXContainerItemProxy;
			containerPortal = 11D4018026F451AF0010B853 /* Project object */;
			proxyType = 1;
			remoteGlobalIDString = 11D4018726F451AF0010B853;
			remoteInfo = NewsApp;
		};
		11D401A326F451B00010B853 /* PBXContainerItemProxy */ = {
			isa = PBXContainerItemProxy;
			containerPortal = 11D4018026F451AF0010B853 /* Project object */;
			proxyType = 1;
			remoteGlobalIDString = 11D4018726F451AF0010B853;
			remoteInfo = NewsApp;
		};
/* End PBXContainerItemProxy section */

/* Begin PBXFileReference section */
		1178EA2826F7167300F89DA2 /* Topics.swift */ = {isa = PBXFileReference; lastKnownFileType = sourcecode.swift; path = Topics.swift; sourceTree = "<group>"; };
		1178EA2A26F7173400F89DA2 /* LetterImage.swift */ = {isa = PBXFileReference; lastKnownFileType = sourcecode.swift; path = LetterImage.swift; sourceTree = "<group>"; };
		1178EA2C26F71D4D00F89DA2 /* NewsView.swift */ = {isa = PBXFileReference; lastKnownFileType = sourcecode.swift; path = NewsView.swift; sourceTree = "<group>"; };
		1178EA2E26F71E0C00F89DA2 /* TopicResultView.swift */ = {isa = PBXFileReference; lastKnownFileType = sourcecode.swift; path = TopicResultView.swift; sourceTree = "<group>"; };
		1178EA3026F726A700F89DA2 /* README.md */ = {isa = PBXFileReference; lastKnownFileType = net.daringfireball.markdown; path = README.md; sourceTree = "<group>"; };
		1178EA3126F727C000F89DA2 /* LICENSE.md */ = {isa = PBXFileReference; lastKnownFileType = net.daringfireball.markdown; path = LICENSE.md; sourceTree = "<group>"; };
		11D4018826F451AF0010B853 /* NewsApp.app */ = {isa = PBXFileReference; explicitFileType = wrapper.application; includeInIndex = 0; path = NewsApp.app; sourceTree = BUILT_PRODUCTS_DIR; };
		11D4018B26F451AF0010B853 /* NewsAppApp.swift */ = {isa = PBXFileReference; lastKnownFileType = sourcecode.swift; path = NewsAppApp.swift; sourceTree = "<group>"; };
		11D4018D26F451AF0010B853 /* ContentView.swift */ = {isa = PBXFileReference; lastKnownFileType = sourcecode.swift; path = ContentView.swift; sourceTree = "<group>"; };
		11D4018F26F451B00010B853 /* Assets.xcassets */ = {isa = PBXFileReference; lastKnownFileType = folder.assetcatalog; path = Assets.xcassets; sourceTree = "<group>"; };
		11D4019226F451B00010B853 /* Preview Assets.xcassets */ = {isa = PBXFileReference; lastKnownFileType = folder.assetcatalog; path = "Preview Assets.xcassets"; sourceTree = "<group>"; };
		11D4019826F451B00010B853 /* NewsAppTests.xctest */ = {isa = PBXFileReference; explicitFileType = wrapper.cfbundle; includeInIndex = 0; path = NewsAppTests.xctest; sourceTree = BUILT_PRODUCTS_DIR; };
		11D4019C26F451B00010B853 /* NewsAppTests.swift */ = {isa = PBXFileReference; lastKnownFileType = sourcecode.swift; path = NewsAppTests.swift; sourceTree = "<group>"; };
		11D401A226F451B00010B853 /* NewsAppUITests.xctest */ = {isa = PBXFileReference; explicitFileType = wrapper.cfbundle; includeInIndex = 0; path = NewsAppUITests.xctest; sourceTree = BUILT_PRODUCTS_DIR; };
		11D401A626F451B00010B853 /* NewsAppUITests.swift */ = {isa = PBXFileReference; lastKnownFileType = sourcecode.swift; path = NewsAppUITests.swift; sourceTree = "<group>"; };
		11D401B926F4544F0010B853 /* News.swift */ = {isa = PBXFileReference; lastKnownFileType = sourcecode.swift; path = News.swift; sourceTree = "<group>"; };
		11D401BB26F454C60010B853 /* Article.swift */ = {isa = PBXFileReference; lastKnownFileType = sourcecode.swift; path = Article.swift; sourceTree = "<group>"; };
		11D401BD26F4568C0010B853 /* NewsViewModel.swift */ = {isa = PBXFileReference; lastKnownFileType = sourcecode.swift; path = NewsViewModel.swift; sourceTree = "<group>"; };
		11D401BF26F464DF0010B853 /* ArticleCard.swift */ = {isa = PBXFileReference; lastKnownFileType = sourcecode.swift; path = ArticleCard.swift; sourceTree = "<group>"; };
		11D401C126F465C00010B853 /* sampleNews.json */ = {isa = PBXFileReference; lastKnownFileType = text.json; path = sampleNews.json; sourceTree = "<group>"; };
		11D401C326F474FD0010B853 /* Info.plist */ = {isa = PBXFileReference; lastKnownFileType = text.plist; path = Info.plist; sourceTree = "<group>"; };
		11D401C426F47F380010B853 /* TabBar.swift */ = {isa = PBXFileReference; lastKnownFileType = sourcecode.swift; path = TabBar.swift; sourceTree = "<group>"; };
		11D401C626F482550010B853 /* Discover.swift */ = {isa = PBXFileReference; lastKnownFileType = sourcecode.swift; path = Discover.swift; sourceTree = "<group>"; };
		11D401CA26F482CE0010B853 /* Sidebar.swift */ = {isa = PBXFileReference; lastKnownFileType = sourcecode.swift; path = Sidebar.swift; sourceTree = "<group>"; };
		11D401CC26F5AB1D0010B853 /* ArticleView.swift */ = {isa = PBXFileReference; lastKnownFileType = sourcecode.swift; path = ArticleView.swift; sourceTree = "<group>"; };
		11D401CE26F5AC360010B853 /* ArticleImageView.swift */ = {isa = PBXFileReference; lastKnownFileType = sourcecode.swift; path = ArticleImageView.swift; sourceTree = "<group>"; };
		11D401D026F5B23A0010B853 /* Lora.ttf */ = {isa = PBXFileReference; lastKnownFileType = file; path = Lora.ttf; sourceTree = "<group>"; };
		11D401D226F5BEBC0010B853 /* Bookmarks.swift */ = {isa = PBXFileReference; lastKnownFileType = sourcecode.swift; path = Bookmarks.swift; sourceTree = "<group>"; };
		11D401D426F620E40010B853 /* CountryPickerView.swift */ = {isa = PBXFileReference; lastKnownFileType = sourcecode.swift; path = CountryPickerView.swift; sourceTree = "<group>"; };
		11D401D626F626090010B853 /* countries.json */ = {isa = PBXFileReference; lastKnownFileType = text.json; path = countries.json; sourceTree = "<group>"; };
/* End PBXFileReference section */

/* Begin PBXFrameworksBuildPhase section */
		11D4018526F451AF0010B853 /* Frameworks */ = {
			isa = PBXFrameworksBuildPhase;
			buildActionMask = 2147483647;
			files = (
			);
			runOnlyForDeploymentPostprocessing = 0;
		};
		11D4019526F451B00010B853 /* Frameworks */ = {
			isa = PBXFrameworksBuildPhase;
			buildActionMask = 2147483647;
			files = (
			);
			runOnlyForDeploymentPostprocessing = 0;
		};
		11D4019F26F451B00010B853 /* Frameworks */ = {
			isa = PBXFrameworksBuildPhase;
			buildActionMask = 2147483647;
			files = (
			);
			runOnlyForDeploymentPostprocessing = 0;
		};
/* End PBXFrameworksBuildPhase section */

/* Begin PBXGroup section */
		11D4017F26F451AF0010B853 = {
			isa = PBXGroup;
			children = (
				1178EA3026F726A700F89DA2 /* README.md */,
				1178EA3126F727C000F89DA2 /* LICENSE.md */,
				11D4018A26F451AF0010B853 /* NewsApp */,
				11D4019B26F451B00010B853 /* NewsAppTests */,
				11D401A526F451B00010B853 /* NewsAppUITests */,
				11D4018926F451AF0010B853 /* Products */,
			);
			sourceTree = "<group>";
		};
		11D4018926F451AF0010B853 /* Products */ = {
			isa = PBXGroup;
			children = (
				11D4018826F451AF0010B853 /* NewsApp.app */,
				11D4019826F451B00010B853 /* NewsAppTests.xctest */,
				11D401A226F451B00010B853 /* NewsAppUITests.xctest */,
			);
			name = Products;
			sourceTree = "<group>";
		};
		11D4018A26F451AF0010B853 /* NewsApp */ = {
			isa = PBXGroup;
			children = (
				11D401C326F474FD0010B853 /* Info.plist */,
				11D401B326F452310010B853 /* Application */,
				11D401B526F4523D0010B853 /* Navigation */,
				11D401B826F4527B0010B853 /* View Model */,
				11D401B726F452580010B853 /* Model */,
				11D401B426F452370010B853 /* Views */,
				11D401C926F482940010B853 /* Subviews */,
				11D401B626F452420010B853 /* Resources */,
				11D4019126F451B00010B853 /* Preview Content */,
			);
			path = NewsApp;
			sourceTree = "<group>";
		};
		11D4019126F451B00010B853 /* Preview Content */ = {
			isa = PBXGroup;
			children = (
				11D4019226F451B00010B853 /* Preview Assets.xcassets */,
			);
			path = "Preview Content";
			sourceTree = "<group>";
		};
		11D4019B26F451B00010B853 /* NewsAppTests */ = {
			isa = PBXGroup;
			children = (
				11D4019C26F451B00010B853 /* NewsAppTests.swift */,
			);
			path = NewsAppTests;
			sourceTree = "<group>";
		};
		11D401A526F451B00010B853 /* NewsAppUITests */ = {
			isa = PBXGroup;
			children = (
				11D401A626F451B00010B853 /* NewsAppUITests.swift */,
			);
			path = NewsAppUITests;
			sourceTree = "<group>";
		};
		11D401B326F452310010B853 /* Application */ = {
			isa = PBXGroup;
			children = (
				11D4018B26F451AF0010B853 /* NewsAppApp.swift */,
				11D4018D26F451AF0010B853 /* ContentView.swift */,
			);
			path = Application;
			sourceTree = "<group>";
		};
		11D401B426F452370010B853 /* Views */ = {
			isa = PBXGroup;
			children = (
				11D401C626F482550010B853 /* Discover.swift */,
				11D401D226F5BEBC0010B853 /* Bookmarks.swift */,
				1178EA2826F7167300F89DA2 /* Topics.swift */,
			);
			path = Views;
			sourceTree = "<group>";
		};
		11D401B526F4523D0010B853 /* Navigation */ = {
			isa = PBXGroup;
			children = (
				11D401C426F47F380010B853 /* TabBar.swift */,
				11D401CA26F482CE0010B853 /* Sidebar.swift */,
			);
			path = Navigation;
			sourceTree = "<group>";
		};
		11D401B626F452420010B853 /* Resources */ = {
			isa = PBXGroup;
			children = (
				11D4018F26F451B00010B853 /* Assets.xcassets */,
				11D401C126F465C00010B853 /* sampleNews.json */,
				11D401D626F626090010B853 /* countries.json */,
				11D401D026F5B23A0010B853 /* Lora.ttf */,
			);
			path = Resources;
			sourceTree = "<group>";
		};
		11D401B726F452580010B853 /* Model */ = {
			isa = PBXGroup;
			children = (
				11D401B926F4544F0010B853 /* News.swift */,
				11D401BB26F454C60010B853 /* Article.swift */,
			);
			path = Model;
			sourceTree = "<group>";
		};
		11D401B826F4527B0010B853 /* View Model */ = {
			isa = PBXGroup;
			children = (
				11D401BD26F4568C0010B853 /* NewsViewModel.swift */,
			);
			path = "View Model";
			sourceTree = "<group>";
		};
		11D401C926F482940010B853 /* Subviews */ = {
			isa = PBXGroup;
			children = (
				11D401BF26F464DF0010B853 /* ArticleCard.swift */,
				11D401CE26F5AC360010B853 /* ArticleImageView.swift */,
				1178EA2C26F71D4D00F89DA2 /* NewsView.swift */,
				11D401CC26F5AB1D0010B853 /* ArticleView.swift */,
				1178EA2E26F71E0C00F89DA2 /* TopicResultView.swift */,
				11D401D426F620E40010B853 /* CountryPickerView.swift */,
				1178EA2A26F7173400F89DA2 /* LetterImage.swift */,
			);
			path = Subviews;
			sourceTree = "<group>";
		};
/* End PBXGroup section */

/* Begin PBXNativeTarget section */
		11D4018726F451AF0010B853 /* NewsApp */ = {
			isa = PBXNativeTarget;
			buildConfigurationList = 11D401AA26F451B00010B853 /* Build configuration list for PBXNativeTarget "NewsApp" */;
			buildPhases = (
				11D4018426F451AF0010B853 /* Sources */,
				11D4018526F451AF0010B853 /* Frameworks */,
				11D4018626F451AF0010B853 /* Resources */,
			);
			buildRules = (
			);
			dependencies = (
			);
			name = NewsApp;
			productName = NewsApp;
			productReference = 11D4018826F451AF0010B853 /* NewsApp.app */;
			productType = "com.apple.product-type.application";
		};
		11D4019726F451B00010B853 /* NewsAppTests */ = {
			isa = PBXNativeTarget;
			buildConfigurationList = 11D401AD26F451B00010B853 /* Build configuration list for PBXNativeTarget "NewsAppTests" */;
			buildPhases = (
				11D4019426F451B00010B853 /* Sources */,
				11D4019526F451B00010B853 /* Frameworks */,
				11D4019626F451B00010B853 /* Resources */,
			);
			buildRules = (
			);
			dependencies = (
				11D4019A26F451B00010B853 /* PBXTargetDependency */,
			);
			name = NewsAppTests;
			productName = NewsAppTests;
			productReference = 11D4019826F451B00010B853 /* NewsAppTests.xctest */;
			productType = "com.apple.product-type.bundle.unit-test";
		};
		11D401A126F451B00010B853 /* NewsAppUITests */ = {
			isa = PBXNativeTarget;
			buildConfigurationList = 11D401B026F451B00010B853 /* Build configuration list for PBXNativeTarget "NewsAppUITests" */;
			buildPhases = (
				11D4019E26F451B00010B853 /* Sources */,
				11D4019F26F451B00010B853 /* Frameworks */,
				11D401A026F451B00010B853 /* Resources */,
			);
			buildRules = (
			);
			dependencies = (
				11D401A426F451B00010B853 /* PBXTargetDependency */,
			);
			name = NewsAppUITests;
			productName = NewsAppUITests;
			productReference = 11D401A226F451B00010B853 /* NewsAppUITests.xctest */;
			productType = "com.apple.product-type.bundle.ui-testing";
		};
/* End PBXNativeTarget section */

/* Begin PBXProject section */
		11D4018026F451AF0010B853 /* Project object */ = {
			isa = PBXProject;
			attributes = {
				BuildIndependentTargetsInParallel = 1;
				LastSwiftUpdateCheck = 1300;
				LastUpgradeCheck = 1300;
				ORGANIZATIONNAME = "Milad Golchinpour";
				TargetAttributes = {
					11D4018726F451AF0010B853 = {
						CreatedOnToolsVersion = 13.0;
					};
					11D4019726F451B00010B853 = {
						CreatedOnToolsVersion = 13.0;
						TestTargetID = 11D4018726F451AF0010B853;
					};
					11D401A126F451B00010B853 = {
						CreatedOnToolsVersion = 13.0;
						TestTargetID = 11D4018726F451AF0010B853;
					};
				};
			};
			buildConfigurationList = 11D4018326F451AF0010B853 /* Build configuration list for PBXProject "NewsApp" */;
			compatibilityVersion = "Xcode 13.0";
			developmentRegion = en;
			hasScannedForEncodings = 0;
			knownRegions = (
				en,
				Base,
			);
			mainGroup = 11D4017F26F451AF0010B853;
			productRefGroup = 11D4018926F451AF0010B853 /* Products */;
			projectDirPath = "";
			projectRoot = "";
			targets = (
				11D4018726F451AF0010B853 /* NewsApp */,
				11D4019726F451B00010B853 /* NewsAppTests */,
				11D401A126F451B00010B853 /* NewsAppUITests */,
			);
		};
/* End PBXProject section */

/* Begin PBXResourcesBuildPhase section */
		11D4018626F451AF0010B853 /* Resources */ = {
			isa = PBXResourcesBuildPhase;
			buildActionMask = 2147483647;
			files = (
				11D4019326F451B00010B853 /* Preview Assets.xcassets in Resources */,
				11D4019026F451B00010B853 /* Assets.xcassets in Resources */,
				11D401C226F465C00010B853 /* sampleNews.json in Resources */,
				11D401D726F626090010B853 /* countries.json in Resources */,
				11D401D126F5B23A0010B853 /* Lora.ttf in Resources */,
			);
			runOnlyForDeploymentPostprocessing = 0;
		};
		11D4019626F451B00010B853 /* Resources */ = {
			isa = PBXResourcesBuildPhase;
			buildActionMask = 2147483647;
			files = (
			);
			runOnlyForDeploymentPostprocessing = 0;
		};
		11D401A026F451B00010B853 /* Resources */ = {
			isa = PBXResourcesBuildPhase;
			buildActionMask = 2147483647;
			files = (
			);
			runOnlyForDeploymentPostprocessing = 0;
		};
/* End PBXResourcesBuildPhase section */

/* Begin PBXSourcesBuildPhase section */
		11D4018426F451AF0010B853 /* Sources */ = {
			isa = PBXSourcesBuildPhase;
			buildActionMask = 2147483647;
			files = (
				11D401C726F482550010B853 /* Discover.swift in Sources */,
				1178EA2D26F71D4D00F89DA2 /* NewsView.swift in Sources */,
				11D401BC26F454C60010B853 /* Article.swift in Sources */,
				11D401BA26F4544F0010B853 /* News.swift in Sources */,
				11D401BE26F4568C0010B853 /* NewsViewModel.swift in Sources */,
				11D4018E26F451AF0010B853 /* ContentView.swift in Sources */,
				1178EA2F26F71E0C00F89DA2 /* TopicResultView.swift in Sources */,
				1178EA2B26F7173400F89DA2 /* LetterImage.swift in Sources */,
				11D401D526F620E40010B853 /* CountryPickerView.swift in Sources */,
				11D401CF26F5AC360010B853 /* ArticleImageView.swift in Sources */,
				1178EA2926F7167300F89DA2 /* Topics.swift in Sources */,
				11D401C026F464DF0010B853 /* ArticleCard.swift in Sources */,
				11D4018C26F451AF0010B853 /* NewsAppApp.swift in Sources */,
				11D401CD26F5AB1D0010B853 /* ArticleView.swift in Sources */,
				11D401CB26F482CE0010B853 /* Sidebar.swift in Sources */,
				11D401C526F47F380010B853 /* TabBar.swift in Sources */,
				11D401D326F5BEBC0010B853 /* Bookmarks.swift in Sources */,
			);
			runOnlyForDeploymentPostprocessing = 0;
		};
		11D4019426F451B00010B853 /* Sources */ = {
			isa = PBXSourcesBuildPhase;
			buildActionMask = 2147483647;
			files = (
				11D4019D26F451B00010B853 /* NewsAppTests.swift in Sources */,
			);
			runOnlyForDeploymentPostprocessing = 0;
		};
		11D4019E26F451B00010B853 /* Sources */ = {
			isa = PBXSourcesBuildPhase;
			buildActionMask = 2147483647;
			files = (
				11D401A726F451B00010B853 /* NewsAppUITests.swift in Sources */,
			);
			runOnlyForDeploymentPostprocessing = 0;
		};
/* End PBXSourcesBuildPhase section */

/* Begin PBXTargetDependency section */
		11D4019A26F451B00010B853 /* PBXTargetDependency */ = {
			isa = PBXTargetDependency;
			target = 11D4018726F451AF0010B853 /* NewsApp */;
			targetProxy = 11D4019926F451B00010B853 /* PBXContainerItemProxy */;
		};
		11D401A426F451B00010B853 /* PBXTargetDependency */ = {
			isa = PBXTargetDependency;
			target = 11D4018726F451AF0010B853 /* NewsApp */;
			targetProxy = 11D401A326F451B00010B853 /* PBXContainerItemProxy */;
		};
/* End PBXTargetDependency section */

/* Begin XCBuildConfiguration section */
		11D401A826F451B00010B853 /* Debug */ = {
			isa = XCBuildConfiguration;
			buildSettings = {
				ALWAYS_SEARCH_USER_PATHS = NO;
				CLANG_ANALYZER_NONNULL = YES;
				CLANG_ANALYZER_NUMBER_OBJECT_CONVERSION = YES_AGGRESSIVE;
				CLANG_CXX_LANGUAGE_STANDARD = "gnu++17";
				CLANG_CXX_LIBRARY = "libc++";
				CLANG_ENABLE_MODULES = YES;
				CLANG_ENABLE_OBJC_ARC = YES;
				CLANG_ENABLE_OBJC_WEAK = YES;
				CLANG_WARN_BLOCK_CAPTURE_AUTORELEASING = YES;
				CLANG_WARN_BOOL_CONVERSION = YES;
				CLANG_WARN_COMMA = YES;
				CLANG_WARN_CONSTANT_CONVERSION = YES;
				CLANG_WARN_DEPRECATED_OBJC_IMPLEMENTATIONS = YES;
				CLANG_WARN_DIRECT_OBJC_ISA_USAGE = YES_ERROR;
				CLANG_WARN_DOCUMENTATION_COMMENTS = YES;
				CLANG_WARN_EMPTY_BODY = YES;
				CLANG_WARN_ENUM_CONVERSION = YES;
				CLANG_WARN_INFINITE_RECURSION = YES;
				CLANG_WARN_INT_CONVERSION = YES;
				CLANG_WARN_NON_LITERAL_NULL_CONVERSION = YES;
				CLANG_WARN_OBJC_IMPLICIT_RETAIN_SELF = YES;
				CLANG_WARN_OBJC_LITERAL_CONVERSION = YES;
				CLANG_WARN_OBJC_ROOT_CLASS = YES_ERROR;
				CLANG_WARN_QUOTED_INCLUDE_IN_FRAMEWORK_HEADER = YES;
				CLANG_WARN_RANGE_LOOP_ANALYSIS = YES;
				CLANG_WARN_STRICT_PROTOTYPES = YES;
				CLANG_WARN_SUSPICIOUS_MOVE = YES;
				CLANG_WARN_UNGUARDED_AVAILABILITY = YES_AGGRESSIVE;
				CLANG_WARN_UNREACHABLE_CODE = YES;
				CLANG_WARN__DUPLICATE_METHOD_MATCH = YES;
				COPY_PHASE_STRIP = NO;
				DEBUG_INFORMATION_FORMAT = dwarf;
				ENABLE_STRICT_OBJC_MSGSEND = YES;
				ENABLE_TESTABILITY = YES;
				GCC_C_LANGUAGE_STANDARD = gnu11;
				GCC_DYNAMIC_NO_PIC = NO;
				GCC_NO_COMMON_BLOCKS = YES;
				GCC_OPTIMIZATION_LEVEL = 0;
				GCC_PREPROCESSOR_DEFINITIONS = (
					"DEBUG=1",
					"$(inherited)",
				);
				GCC_WARN_64_TO_32_BIT_CONVERSION = YES;
				GCC_WARN_ABOUT_RETURN_TYPE = YES_ERROR;
				GCC_WARN_UNDECLARED_SELECTOR = YES;
				GCC_WARN_UNINITIALIZED_AUTOS = YES_AGGRESSIVE;
				GCC_WARN_UNUSED_FUNCTION = YES;
				GCC_WARN_UNUSED_VARIABLE = YES;
				MTL_ENABLE_DEBUG_INFO = INCLUDE_SOURCE;
				MTL_FAST_MATH = YES;
				ONLY_ACTIVE_ARCH = YES;
				SDKROOT = iphoneos;
				SWIFT_ACTIVE_COMPILATION_CONDITIONS = DEBUG;
				SWIFT_OPTIMIZATION_LEVEL = "-Onone";
			};
			name = Debug;
		};
		11D401A926F451B00010B853 /* Release */ = {
			isa = XCBuildConfiguration;
			buildSettings = {
				ALWAYS_SEARCH_USER_PATHS = NO;
				CLANG_ANALYZER_NONNULL = YES;
				CLANG_ANALYZER_NUMBER_OBJECT_CONVERSION = YES_AGGRESSIVE;
				CLANG_CXX_LANGUAGE_STANDARD = "gnu++17";
				CLANG_CXX_LIBRARY = "libc++";
				CLANG_ENABLE_MODULES = YES;
				CLANG_ENABLE_OBJC_ARC = YES;
				CLANG_ENABLE_OBJC_WEAK = YES;
				CLANG_WARN_BLOCK_CAPTURE_AUTORELEASING = YES;
				CLANG_WARN_BOOL_CONVERSION = YES;
				CLANG_WARN_COMMA = YES;
				CLANG_WARN_CONSTANT_CONVERSION = YES;
				CLANG_WARN_DEPRECATED_OBJC_IMPLEMENTATIONS = YES;
				CLANG_WARN_DIRECT_OBJC_ISA_USAGE = YES_ERROR;
				CLANG_WARN_DOCUMENTATION_COMMENTS = YES;
				CLANG_WARN_EMPTY_BODY = YES;
				CLANG_WARN_ENUM_CONVERSION = YES;
				CLANG_WARN_INFINITE_RECURSION = YES;
				CLANG_WARN_INT_CONVERSION = YES;
				CLANG_WARN_NON_LITERAL_NULL_CONVERSION = YES;
				CLANG_WARN_OBJC_IMPLICIT_RETAIN_SELF = YES;
				CLANG_WARN_OBJC_LITERAL_CONVERSION = YES;
				CLANG_WARN_OBJC_ROOT_CLASS = YES_ERROR;
				CLANG_WARN_QUOTED_INCLUDE_IN_FRAMEWORK_HEADER = YES;
				CLANG_WARN_RANGE_LOOP_ANALYSIS = YES;
				CLANG_WARN_STRICT_PROTOTYPES = YES;
				CLANG_WARN_SUSPICIOUS_MOVE = YES;
				CLANG_WARN_UNGUARDED_AVAILABILITY = YES_AGGRESSIVE;
				CLANG_WARN_UNREACHABLE_CODE = YES;
				CLANG_WARN__DUPLICATE_METHOD_MATCH = YES;
				COPY_PHASE_STRIP = NO;
				DEBUG_INFORMATION_FORMAT = "dwarf-with-dsym";
				ENABLE_NS_ASSERTIONS = NO;
				ENABLE_STRICT_OBJC_MSGSEND = YES;
				GCC_C_LANGUAGE_STANDARD = gnu11;
				GCC_NO_COMMON_BLOCKS = YES;
				GCC_WARN_64_TO_32_BIT_CONVERSION = YES;
				GCC_WARN_ABOUT_RETURN_TYPE = YES_ERROR;
				GCC_WARN_UNDECLARED_SELECTOR = YES;
				GCC_WARN_UNINITIALIZED_AUTOS = YES_AGGRESSIVE;
				GCC_WARN_UNUSED_FUNCTION = YES;
				GCC_WARN_UNUSED_VARIABLE = YES;
				MTL_ENABLE_DEBUG_INFO = NO;
				MTL_FAST_MATH = YES;
				SDKROOT = iphoneos;
				SWIFT_COMPILATION_MODE = wholemodule;
				SWIFT_OPTIMIZATION_LEVEL = "-O";
				VALIDATE_PRODUCT = YES;
			};
			name = Release;
		};
		11D401AB26F451B00010B853 /* Debug */ = {
			isa = XCBuildConfiguration;
			buildSettings = {
				ASSETCATALOG_COMPILER_APPICON_NAME = AppIcon;
				ASSETCATALOG_COMPILER_GLOBAL_ACCENT_COLOR_NAME = AccentColor;
				CODE_SIGN_STYLE = Automatic;
				CURRENT_PROJECT_VERSION = 1;
				DEVELOPMENT_ASSET_PATHS = "\"NewsApp/Preview Content\"";
				DEVELOPMENT_TEAM = MU6UUBB23P;
				ENABLE_PREVIEWS = YES;
				GENERATE_INFOPLIST_FILE = YES;
				INFOPLIST_FILE = NewsApp/Info.plist;
				INFOPLIST_KEY_CFBundleDisplayName = NewsPool;
				INFOPLIST_KEY_UIApplicationSceneManifest_Generation = YES;
				INFOPLIST_KEY_UIApplicationSupportsIndirectInputEvents = YES;
				INFOPLIST_KEY_UILaunchScreen_Generation = YES;
				INFOPLIST_KEY_UISupportedInterfaceOrientations = "";
				INFOPLIST_KEY_UISupportedInterfaceOrientations_iPad = "UIInterfaceOrientationPortrait UIInterfaceOrientationPortraitUpsideDown UIInterfaceOrientationLandscapeLeft UIInterfaceOrientationLandscapeRight";
				INFOPLIST_KEY_UISupportedInterfaceOrientations_iPhone = "UIInterfaceOrientationPortrait UIInterfaceOrientationLandscapeLeft UIInterfaceOrientationLandscapeRight";
				IPHONEOS_DEPLOYMENT_TARGET = 15.0;
				LD_RUNPATH_SEARCH_PATHS = (
					"$(inherited)",
					"@executable_path/Frameworks",
				);
				MARKETING_VERSION = 1.0;
				PRODUCT_BUNDLE_IDENTIFIER = com.miladsoftware.NewsApp;
				PRODUCT_NAME = "$(TARGET_NAME)";
				SWIFT_EMIT_LOC_STRINGS = YES;
				SWIFT_VERSION = 5.0;
				TARGETED_DEVICE_FAMILY = "1,2";
			};
			name = Debug;
		};
		11D401AC26F451B00010B853 /* Release */ = {
			isa = XCBuildConfiguration;
			buildSettings = {
				ASSETCATALOG_COMPILER_APPICON_NAME = AppIcon;
				ASSETCATALOG_COMPILER_GLOBAL_ACCENT_COLOR_NAME = AccentColor;
				CODE_SIGN_STYLE = Automatic;
				CURRENT_PROJECT_VERSION = 1;
				DEVELOPMENT_ASSET_PATHS = "\"NewsApp/Preview Content\"";
				DEVELOPMENT_TEAM = MU6UUBB23P;
				ENABLE_PREVIEWS = YES;
				GENERATE_INFOPLIST_FILE = YES;
				INFOPLIST_FILE = NewsApp/Info.plist;
				INFOPLIST_KEY_CFBundleDisplayName = NewsPool;
				INFOPLIST_KEY_UIApplicationSceneManifest_Generation = YES;
				INFOPLIST_KEY_UIApplicationSupportsIndirectInputEvents = YES;
				INFOPLIST_KEY_UILaunchScreen_Generation = YES;
				INFOPLIST_KEY_UISupportedInterfaceOrientations = "";
				INFOPLIST_KEY_UISupportedInterfaceOrientations_iPad = "UIInterfaceOrientationPortrait UIInterfaceOrientationPortraitUpsideDown UIInterfaceOrientationLandscapeLeft UIInterfaceOrientationLandscapeRight";
				INFOPLIST_KEY_UISupportedInterfaceOrientations_iPhone = "UIInterfaceOrientationPortrait UIInterfaceOrientationLandscapeLeft UIInterfaceOrientationLandscapeRight";
				IPHONEOS_DEPLOYMENT_TARGET = 15.0;
				LD_RUNPATH_SEARCH_PATHS = (
					"$(inherited)",
					"@executable_path/Frameworks",
				);
				MARKETING_VERSION = 1.0;
				PRODUCT_BUNDLE_IDENTIFIER = com.miladsoftware.NewsApp;
				PRODUCT_NAME = "$(TARGET_NAME)";
				SWIFT_EMIT_LOC_STRINGS = YES;
				SWIFT_VERSION = 5.0;
				TARGETED_DEVICE_FAMILY = "1,2";
			};
			name = Release;
		};
		11D401AE26F451B00010B853 /* Debug */ = {
			isa = XCBuildConfiguration;
			buildSettings = {
				ALWAYS_EMBED_SWIFT_STANDARD_LIBRARIES = YES;
				BUNDLE_LOADER = "$(TEST_HOST)";
				CODE_SIGN_STYLE = Automatic;
				CURRENT_PROJECT_VERSION = 1;
				DEVELOPMENT_TEAM = MU6UUBB23P;
				GENERATE_INFOPLIST_FILE = YES;
				IPHONEOS_DEPLOYMENT_TARGET = 14.0;
				LD_RUNPATH_SEARCH_PATHS = (
					"$(inherited)",
					"@executable_path/Frameworks",
					"@loader_path/Frameworks",
				);
				MARKETING_VERSION = 1.0;
				PRODUCT_BUNDLE_IDENTIFIER = com.miladsoftware.NewsAppTests;
				PRODUCT_NAME = "$(TARGET_NAME)";
				SWIFT_EMIT_LOC_STRINGS = NO;
				SWIFT_VERSION = 5.0;
				TARGETED_DEVICE_FAMILY = "1,2";
				TEST_HOST = "$(BUILT_PRODUCTS_DIR)/NewsApp.app/NewsApp";
			};
			name = Debug;
		};
		11D401AF26F451B00010B853 /* Release */ = {
			isa = XCBuildConfiguration;
			buildSettings = {
				ALWAYS_EMBED_SWIFT_STANDARD_LIBRARIES = YES;
				BUNDLE_LOADER = "$(TEST_HOST)";
				CODE_SIGN_STYLE = Automatic;
				CURRENT_PROJECT_VERSION = 1;
				DEVELOPMENT_TEAM = MU6UUBB23P;
				GENERATE_INFOPLIST_FILE = YES;
				IPHONEOS_DEPLOYMENT_TARGET = 14.0;
				LD_RUNPATH_SEARCH_PATHS = (
					"$(inherited)",
					"@executable_path/Frameworks",
					"@loader_path/Frameworks",
				);
				MARKETING_VERSION = 1.0;
				PRODUCT_BUNDLE_IDENTIFIER = com.miladsoftware.NewsAppTests;
				PRODUCT_NAME = "$(TARGET_NAME)";
				SWIFT_EMIT_LOC_STRINGS = NO;
				SWIFT_VERSION = 5.0;
				TARGETED_DEVICE_FAMILY = "1,2";
				TEST_HOST = "$(BUILT_PRODUCTS_DIR)/NewsApp.app/NewsApp";
			};
			name = Release;
		};
		11D401B126F451B00010B853 /* Debug */ = {
			isa = XCBuildConfiguration;
			buildSettings = {
				ALWAYS_EMBED_SWIFT_STANDARD_LIBRARIES = YES;
				CODE_SIGN_STYLE = Automatic;
				CURRENT_PROJECT_VERSION = 1;
				DEVELOPMENT_TEAM = MU6UUBB23P;
				GENERATE_INFOPLIST_FILE = YES;
				LD_RUNPATH_SEARCH_PATHS = (
					"$(inherited)",
					"@executable_path/Frameworks",
					"@loader_path/Frameworks",
				);
				MARKETING_VERSION = 1.0;
				PRODUCT_BUNDLE_IDENTIFIER = com.miladsoftware.NewsAppUITests;
				PRODUCT_NAME = "$(TARGET_NAME)";
				SWIFT_EMIT_LOC_STRINGS = NO;
				SWIFT_VERSION = 5.0;
				TARGETED_DEVICE_FAMILY = "1,2";
				TEST_TARGET_NAME = NewsApp;
			};
			name = Debug;
		};
		11D401B226F451B00010B853 /* Release */ = {
			isa = XCBuildConfiguration;
			buildSettings = {
				ALWAYS_EMBED_SWIFT_STANDARD_LIBRARIES = YES;
				CODE_SIGN_STYLE = Automatic;
				CURRENT_PROJECT_VERSION = 1;
				DEVELOPMENT_TEAM = MU6UUBB23P;
				GENERATE_INFOPLIST_FILE = YES;
				LD_RUNPATH_SEARCH_PATHS = (
					"$(inherited)",
					"@executable_path/Frameworks",
					"@loader_path/Frameworks",
				);
				MARKETING_VERSION = 1.0;
				PRODUCT_BUNDLE_IDENTIFIER = com.miladsoftware.NewsAppUITests;
				PRODUCT_NAME = "$(TARGET_NAME)";
				SWIFT_EMIT_LOC_STRINGS = NO;
				SWIFT_VERSION = 5.0;
				TARGETED_DEVICE_FAMILY = "1,2";
				TEST_TARGET_NAME = NewsApp;
			};
			name = Release;
		};
/* End XCBuildConfiguration section */

/* Begin XCConfigurationList section */
		11D4018326F451AF0010B853 /* Build configuration list for PBXProject "NewsApp" */ = {
			isa = XCConfigurationList;
			buildConfigurations = (
				11D401A826F451B00010B853 /* Debug */,
				11D401A926F451B00010B853 /* Release */,
			);
			defaultConfigurationIsVisible = 0;
			defaultConfigurationName = Release;
		};
		11D401AA26F451B00010B853 /* Build configuration list for PBXNativeTarget "NewsApp" */ = {
			isa = XCConfigurationList;
			buildConfigurations = (
				11D401AB26F451B00010B853 /* Debug */,
				11D401AC26F451B00010B853 /* Release */,
			);
			defaultConfigurationIsVisible = 0;
			defaultConfigurationName = Release;
		};
		11D401AD26F451B00010B853 /* Build configuration list for PBXNativeTarget "NewsAppTests" */ = {
			isa = XCConfigurationList;
			buildConfigurations = (
				11D401AE26F451B00010B853 /* Debug */,
				11D401AF26F451B00010B853 /* Release */,
			);
			defaultConfigurationIsVisible = 0;
			defaultConfigurationName = Release;
		};
		11D401B026F451B00010B853 /* Build configuration list for PBXNativeTarget "NewsAppUITests" */ = {
			isa = XCConfigurationList;
			buildConfigurations = (
				11D401B126F451B00010B853 /* Debug */,
				11D401B226F451B00010B853 /* Release */,
			);
			defaultConfigurationIsVisible = 0;
			defaultConfigurationName = Release;
		};
/* End XCConfigurationList section */
	};
	rootObject = 11D4018026F451AF0010B853 /* Project object */;
}
